// !$*UTF8*$!
{
	archiveVersion = 1;
	classes = {
	};
	objectVersion = 50;
	objects = {

/* Begin PBXBuildFile section */
		0A362C6BB794B0454671B3D7 /* Pods_OpenMarket_OpenMarketUITests.framework in Frameworks */ = {isa = PBXBuildFile; fileRef = 1278F336B6671B99379E1EF9 /* Pods_OpenMarket_OpenMarketUITests.framework */; };
		1DC7244573A135CCAD678F2F /* Pods_OpenMarketTests.framework in Frameworks */ = {isa = PBXBuildFile; fileRef = C5E913F1852FCCFFCF0F6AA3 /* Pods_OpenMarketTests.framework */; };
		B078694426E59E6C0069F5B2 /* AppDelegate.swift in Sources */ = {isa = PBXBuildFile; fileRef = B078694326E59E6C0069F5B2 /* AppDelegate.swift */; };
		B078694626E59E6C0069F5B2 /* SceneDelegate.swift in Sources */ = {isa = PBXBuildFile; fileRef = B078694526E59E6C0069F5B2 /* SceneDelegate.swift */; };
		B078694826E59E6C0069F5B2 /* ViewController.swift in Sources */ = {isa = PBXBuildFile; fileRef = B078694726E59E6C0069F5B2 /* ViewController.swift */; };
		B078694B26E59E6C0069F5B2 /* Main.storyboard in Resources */ = {isa = PBXBuildFile; fileRef = B078694926E59E6C0069F5B2 /* Main.storyboard */; };
		B078694D26E59E6D0069F5B2 /* Assets.xcassets in Resources */ = {isa = PBXBuildFile; fileRef = B078694C26E59E6D0069F5B2 /* Assets.xcassets */; };
		B078695026E59E6D0069F5B2 /* LaunchScreen.storyboard in Resources */ = {isa = PBXBuildFile; fileRef = B078694E26E59E6D0069F5B2 /* LaunchScreen.storyboard */; };
		B078695B26E59E6D0069F5B2 /* OpenMarketTests.swift in Sources */ = {isa = PBXBuildFile; fileRef = B078695A26E59E6D0069F5B2 /* OpenMarketTests.swift */; };
		B078696626E59E6D0069F5B2 /* OpenMarketUITests.swift in Sources */ = {isa = PBXBuildFile; fileRef = B078696526E59E6D0069F5B2 /* OpenMarketUITests.swift */; };
		B078697826E5F8E00069F5B2 /* .swiftlint.yml in Resources */ = {isa = PBXBuildFile; fileRef = B078697726E5F8E00069F5B2 /* .swiftlint.yml */; };
		B0D9BD6B26E6EDD5005115B3 /* HttpMethod.swift in Sources */ = {isa = PBXBuildFile; fileRef = B0D9BD6A26E6EDD5005115B3 /* HttpMethod.swift */; };
		B0D9BD6D26E6EE6B005115B3 /* EndPoint.swift in Sources */ = {isa = PBXBuildFile; fileRef = B0D9BD6C26E6EE6B005115B3 /* EndPoint.swift */; };
		B0D9BD7026E6F48E005115B3 /* ServerAPI.swift in Sources */ = {isa = PBXBuildFile; fileRef = B0D9BD6F26E6F48E005115B3 /* ServerAPI.swift */; };
		B0D9BD7226E6FA0E005115B3 /* NetworkManager.swift in Sources */ = {isa = PBXBuildFile; fileRef = B0D9BD7126E6FA0E005115B3 /* NetworkManager.swift */; };
		B96AC4B4CABFCACA6390CFAC /* Pods_OpenMarket.framework in Frameworks */ = {isa = PBXBuildFile; fileRef = 580A83DAA70D94457E9323CE /* Pods_OpenMarket.framework */; };
/* End PBXBuildFile section */

/* Begin PBXContainerItemProxy section */
		B078695726E59E6D0069F5B2 /* PBXContainerItemProxy */ = {
			isa = PBXContainerItemProxy;
			containerPortal = B078693826E59E6C0069F5B2 /* Project object */;
			proxyType = 1;
			remoteGlobalIDString = B078693F26E59E6C0069F5B2;
			remoteInfo = OpenMarket;
		};
		B078696226E59E6D0069F5B2 /* PBXContainerItemProxy */ = {
			isa = PBXContainerItemProxy;
			containerPortal = B078693826E59E6C0069F5B2 /* Project object */;
			proxyType = 1;
			remoteGlobalIDString = B078693F26E59E6C0069F5B2;
			remoteInfo = OpenMarket;
		};
/* End PBXContainerItemProxy section */

/* Begin PBXFileReference section */
		1278F336B6671B99379E1EF9 /* Pods_OpenMarket_OpenMarketUITests.framework */ = {isa = PBXFileReference; explicitFileType = wrapper.framework; includeInIndex = 0; path = Pods_OpenMarket_OpenMarketUITests.framework; sourceTree = BUILT_PRODUCTS_DIR; };
		22E67C9EA2735FCE8CDF5AF2 /* Pods-OpenMarket-OpenMarketUITests.release.xcconfig */ = {isa = PBXFileReference; includeInIndex = 1; lastKnownFileType = text.xcconfig; name = "Pods-OpenMarket-OpenMarketUITests.release.xcconfig"; path = "Target Support Files/Pods-OpenMarket-OpenMarketUITests/Pods-OpenMarket-OpenMarketUITests.release.xcconfig"; sourceTree = "<group>"; };
		407CAA9CD746D9635277E247 /* Pods-OpenMarket.debug.xcconfig */ = {isa = PBXFileReference; includeInIndex = 1; lastKnownFileType = text.xcconfig; name = "Pods-OpenMarket.debug.xcconfig"; path = "Target Support Files/Pods-OpenMarket/Pods-OpenMarket.debug.xcconfig"; sourceTree = "<group>"; };
		580A83DAA70D94457E9323CE /* Pods_OpenMarket.framework */ = {isa = PBXFileReference; explicitFileType = wrapper.framework; includeInIndex = 0; path = Pods_OpenMarket.framework; sourceTree = BUILT_PRODUCTS_DIR; };
		69E875E0C5E9117D82470AFE /* Pods-OpenMarket-OpenMarketUITests.debug.xcconfig */ = {isa = PBXFileReference; includeInIndex = 1; lastKnownFileType = text.xcconfig; name = "Pods-OpenMarket-OpenMarketUITests.debug.xcconfig"; path = "Target Support Files/Pods-OpenMarket-OpenMarketUITests/Pods-OpenMarket-OpenMarketUITests.debug.xcconfig"; sourceTree = "<group>"; };
		B078694026E59E6C0069F5B2 /* OpenMarket.app */ = {isa = PBXFileReference; explicitFileType = wrapper.application; includeInIndex = 0; path = OpenMarket.app; sourceTree = BUILT_PRODUCTS_DIR; };
		B078694326E59E6C0069F5B2 /* AppDelegate.swift */ = {isa = PBXFileReference; lastKnownFileType = sourcecode.swift; path = AppDelegate.swift; sourceTree = "<group>"; };
		B078694526E59E6C0069F5B2 /* SceneDelegate.swift */ = {isa = PBXFileReference; lastKnownFileType = sourcecode.swift; path = SceneDelegate.swift; sourceTree = "<group>"; };
		B078694726E59E6C0069F5B2 /* ViewController.swift */ = {isa = PBXFileReference; lastKnownFileType = sourcecode.swift; path = ViewController.swift; sourceTree = "<group>"; };
		B078694A26E59E6C0069F5B2 /* Base */ = {isa = PBXFileReference; lastKnownFileType = file.storyboard; name = Base; path = Base.lproj/Main.storyboard; sourceTree = "<group>"; };
		B078694C26E59E6D0069F5B2 /* Assets.xcassets */ = {isa = PBXFileReference; lastKnownFileType = folder.assetcatalog; path = Assets.xcassets; sourceTree = "<group>"; };
		B078694F26E59E6D0069F5B2 /* Base */ = {isa = PBXFileReference; lastKnownFileType = file.storyboard; name = Base; path = Base.lproj/LaunchScreen.storyboard; sourceTree = "<group>"; };
		B078695126E59E6D0069F5B2 /* Info.plist */ = {isa = PBXFileReference; lastKnownFileType = text.plist.xml; path = Info.plist; sourceTree = "<group>"; };
		B078695626E59E6D0069F5B2 /* OpenMarketTests.xctest */ = {isa = PBXFileReference; explicitFileType = wrapper.cfbundle; includeInIndex = 0; path = OpenMarketTests.xctest; sourceTree = BUILT_PRODUCTS_DIR; };
		B078695A26E59E6D0069F5B2 /* OpenMarketTests.swift */ = {isa = PBXFileReference; lastKnownFileType = sourcecode.swift; path = OpenMarketTests.swift; sourceTree = "<group>"; };
		B078695C26E59E6D0069F5B2 /* Info.plist */ = {isa = PBXFileReference; lastKnownFileType = text.plist.xml; path = Info.plist; sourceTree = "<group>"; };
		B078696126E59E6D0069F5B2 /* OpenMarketUITests.xctest */ = {isa = PBXFileReference; explicitFileType = wrapper.cfbundle; includeInIndex = 0; path = OpenMarketUITests.xctest; sourceTree = BUILT_PRODUCTS_DIR; };
		B078696526E59E6D0069F5B2 /* OpenMarketUITests.swift */ = {isa = PBXFileReference; lastKnownFileType = sourcecode.swift; path = OpenMarketUITests.swift; sourceTree = "<group>"; };
		B078696726E59E6D0069F5B2 /* Info.plist */ = {isa = PBXFileReference; lastKnownFileType = text.plist.xml; path = Info.plist; sourceTree = "<group>"; };
		B078697726E5F8E00069F5B2 /* .swiftlint.yml */ = {isa = PBXFileReference; lastKnownFileType = text.yaml; path = .swiftlint.yml; sourceTree = "<group>"; };
		B0D9BD6A26E6EDD5005115B3 /* HttpMethod.swift */ = {isa = PBXFileReference; lastKnownFileType = sourcecode.swift; path = HttpMethod.swift; sourceTree = "<group>"; };
		B0D9BD6C26E6EE6B005115B3 /* EndPoint.swift */ = {isa = PBXFileReference; lastKnownFileType = sourcecode.swift; path = EndPoint.swift; sourceTree = "<group>"; };
		B0D9BD6F26E6F48E005115B3 /* ServerAPI.swift */ = {isa = PBXFileReference; lastKnownFileType = sourcecode.swift; path = ServerAPI.swift; sourceTree = "<group>"; };
		B0D9BD7126E6FA0E005115B3 /* NetworkManager.swift */ = {isa = PBXFileReference; lastKnownFileType = sourcecode.swift; path = NetworkManager.swift; sourceTree = "<group>"; };
		C5E913F1852FCCFFCF0F6AA3 /* Pods_OpenMarketTests.framework */ = {isa = PBXFileReference; explicitFileType = wrapper.framework; includeInIndex = 0; path = Pods_OpenMarketTests.framework; sourceTree = BUILT_PRODUCTS_DIR; };
		EA331902867DB774BF6482F0 /* Pods-OpenMarketTests.release.xcconfig */ = {isa = PBXFileReference; includeInIndex = 1; lastKnownFileType = text.xcconfig; name = "Pods-OpenMarketTests.release.xcconfig"; path = "Target Support Files/Pods-OpenMarketTests/Pods-OpenMarketTests.release.xcconfig"; sourceTree = "<group>"; };
		F7EA2992138DD85B5418004A /* Pods-OpenMarket.release.xcconfig */ = {isa = PBXFileReference; includeInIndex = 1; lastKnownFileType = text.xcconfig; name = "Pods-OpenMarket.release.xcconfig"; path = "Target Support Files/Pods-OpenMarket/Pods-OpenMarket.release.xcconfig"; sourceTree = "<group>"; };
		FC10F77A6B9A45EC145C11BE /* Pods-OpenMarketTests.debug.xcconfig */ = {isa = PBXFileReference; includeInIndex = 1; lastKnownFileType = text.xcconfig; name = "Pods-OpenMarketTests.debug.xcconfig"; path = "Target Support Files/Pods-OpenMarketTests/Pods-OpenMarketTests.debug.xcconfig"; sourceTree = "<group>"; };
/* End PBXFileReference section */

/* Begin PBXFrameworksBuildPhase section */
		B078693D26E59E6C0069F5B2 /* Frameworks */ = {
			isa = PBXFrameworksBuildPhase;
			buildActionMask = 2147483647;
			files = (
				B96AC4B4CABFCACA6390CFAC /* Pods_OpenMarket.framework in Frameworks */,
			);
			runOnlyForDeploymentPostprocessing = 0;
		};
		B078695326E59E6D0069F5B2 /* Frameworks */ = {
			isa = PBXFrameworksBuildPhase;
			buildActionMask = 2147483647;
			files = (
				1DC7244573A135CCAD678F2F /* Pods_OpenMarketTests.framework in Frameworks */,
			);
			runOnlyForDeploymentPostprocessing = 0;
		};
		B078695E26E59E6D0069F5B2 /* Frameworks */ = {
			isa = PBXFrameworksBuildPhase;
			buildActionMask = 2147483647;
			files = (
				0A362C6BB794B0454671B3D7 /* Pods_OpenMarket_OpenMarketUITests.framework in Frameworks */,
			);
			runOnlyForDeploymentPostprocessing = 0;
		};
/* End PBXFrameworksBuildPhase section */

/* Begin PBXGroup section */
		20E6760F45A6B67856862959 /* Pods */ = {
			isa = PBXGroup;
			children = (
				407CAA9CD746D9635277E247 /* Pods-OpenMarket.debug.xcconfig */,
				F7EA2992138DD85B5418004A /* Pods-OpenMarket.release.xcconfig */,
				69E875E0C5E9117D82470AFE /* Pods-OpenMarket-OpenMarketUITests.debug.xcconfig */,
				22E67C9EA2735FCE8CDF5AF2 /* Pods-OpenMarket-OpenMarketUITests.release.xcconfig */,
				FC10F77A6B9A45EC145C11BE /* Pods-OpenMarketTests.debug.xcconfig */,
				EA331902867DB774BF6482F0 /* Pods-OpenMarketTests.release.xcconfig */,
			);
			path = Pods;
			sourceTree = "<group>";
		};
		A23B8F6FF24A9A13482602F0 /* Frameworks */ = {
			isa = PBXGroup;
			children = (
				580A83DAA70D94457E9323CE /* Pods_OpenMarket.framework */,
				1278F336B6671B99379E1EF9 /* Pods_OpenMarket_OpenMarketUITests.framework */,
				C5E913F1852FCCFFCF0F6AA3 /* Pods_OpenMarketTests.framework */,
			);
			name = Frameworks;
			sourceTree = "<group>";
		};
		B078693726E59E6C0069F5B2 = {
			isa = PBXGroup;
			children = (
				B078697726E5F8E00069F5B2 /* .swiftlint.yml */,
				B078694226E59E6C0069F5B2 /* OpenMarket */,
				B078695926E59E6D0069F5B2 /* OpenMarketTests */,
				B078696426E59E6D0069F5B2 /* OpenMarketUITests */,
				B078694126E59E6C0069F5B2 /* Products */,
				20E6760F45A6B67856862959 /* Pods */,
				A23B8F6FF24A9A13482602F0 /* Frameworks */,
			);
			sourceTree = "<group>";
		};
		B078694126E59E6C0069F5B2 /* Products */ = {
			isa = PBXGroup;
			children = (
				B078694026E59E6C0069F5B2 /* OpenMarket.app */,
				B078695626E59E6D0069F5B2 /* OpenMarketTests.xctest */,
				B078696126E59E6D0069F5B2 /* OpenMarketUITests.xctest */,
			);
			name = Products;
			sourceTree = "<group>";
		};
		B078694226E59E6C0069F5B2 /* OpenMarket */ = {
			isa = PBXGroup;
			children = (
				B0D9BD6E26E6F47C005115B3 /* Constants */,
				B0D9BD6726E6E9F1005115B3 /* Controllers */,
				B0D9BD6826E6ECBF005115B3 /* Models */,
				B078694926E59E6C0069F5B2 /* Main.storyboard */,
				B0D9BD6626E6E709005115B3 /* Resources */,
				B0D9BD6526E6E6E1005115B3 /* SupportingFiles */,
			);
			path = OpenMarket;
			sourceTree = "<group>";
		};
		B078695926E59E6D0069F5B2 /* OpenMarketTests */ = {
			isa = PBXGroup;
			children = (
				B078695A26E59E6D0069F5B2 /* OpenMarketTests.swift */,
				B078695C26E59E6D0069F5B2 /* Info.plist */,
			);
			path = OpenMarketTests;
			sourceTree = "<group>";
		};
		B078696426E59E6D0069F5B2 /* OpenMarketUITests */ = {
			isa = PBXGroup;
			children = (
				B078696526E59E6D0069F5B2 /* OpenMarketUITests.swift */,
				B078696726E59E6D0069F5B2 /* Info.plist */,
			);
			path = OpenMarketUITests;
			sourceTree = "<group>";
		};
		B0D9BD6526E6E6E1005115B3 /* SupportingFiles */ = {
			isa = PBXGroup;
			children = (
				B078694326E59E6C0069F5B2 /* AppDelegate.swift */,
				B078694526E59E6C0069F5B2 /* SceneDelegate.swift */,
				B078694E26E59E6D0069F5B2 /* LaunchScreen.storyboard */,
				B078695126E59E6D0069F5B2 /* Info.plist */,
			);
			path = SupportingFiles;
			sourceTree = "<group>";
		};
		B0D9BD6626E6E709005115B3 /* Resources */ = {
			isa = PBXGroup;
			children = (
				B078694C26E59E6D0069F5B2 /* Assets.xcassets */,
			);
			path = Resources;
			sourceTree = "<group>";
		};
		B0D9BD6726E6E9F1005115B3 /* Controllers */ = {
			isa = PBXGroup;
			children = (
				B078694726E59E6C0069F5B2 /* ViewController.swift */,
			);
			path = Controllers;
			sourceTree = "<group>";
		};
		B0D9BD6826E6ECBF005115B3 /* Models */ = {
			isa = PBXGroup;
			children = (
				B0D9BD6926E6ECD1005115B3 /* Network */,
			);
			path = Models;
			sourceTree = "<group>";
		};
		B0D9BD6926E6ECD1005115B3 /* Network */ = {
			isa = PBXGroup;
			children = (
				B0D9BD6A26E6EDD5005115B3 /* HttpMethod.swift */,
				B0D9BD6C26E6EE6B005115B3 /* EndPoint.swift */,
				B0D9BD7126E6FA0E005115B3 /* NetworkManager.swift */,
			);
			path = Network;
			sourceTree = "<group>";
		};
		B0D9BD6E26E6F47C005115B3 /* Constants */ = {
			isa = PBXGroup;
			children = (
				B0D9BD6F26E6F48E005115B3 /* ServerAPI.swift */,
			);
			path = Constants;
			sourceTree = "<group>";
		};
/* End PBXGroup section */

/* Begin PBXNativeTarget section */
		B078693F26E59E6C0069F5B2 /* OpenMarket */ = {
			isa = PBXNativeTarget;
			buildConfigurationList = B078696A26E59E6D0069F5B2 /* Build configuration list for PBXNativeTarget "OpenMarket" */;
			buildPhases = (
				20399F867701E181A79207C0 /* [CP] Check Pods Manifest.lock */,
				B078693C26E59E6C0069F5B2 /* Sources */,
				B078693D26E59E6C0069F5B2 /* Frameworks */,
				B078693E26E59E6C0069F5B2 /* Resources */,
				B078697326E5F85F0069F5B2 /* ShellScript */,
			);
			buildRules = (
			);
			dependencies = (
			);
			name = OpenMarket;
			productName = OpenMarket;
			productReference = B078694026E59E6C0069F5B2 /* OpenMarket.app */;
			productType = "com.apple.product-type.application";
		};
		B078695526E59E6D0069F5B2 /* OpenMarketTests */ = {
			isa = PBXNativeTarget;
			buildConfigurationList = B078696D26E59E6D0069F5B2 /* Build configuration list for PBXNativeTarget "OpenMarketTests" */;
			buildPhases = (
				0B681B4AD781AB665DE984C2 /* [CP] Check Pods Manifest.lock */,
				B078695226E59E6D0069F5B2 /* Sources */,
				B078695326E59E6D0069F5B2 /* Frameworks */,
				B078695426E59E6D0069F5B2 /* Resources */,
			);
			buildRules = (
			);
			dependencies = (
				B078695826E59E6D0069F5B2 /* PBXTargetDependency */,
			);
			name = OpenMarketTests;
			productName = OpenMarketTests;
			productReference = B078695626E59E6D0069F5B2 /* OpenMarketTests.xctest */;
			productType = "com.apple.product-type.bundle.unit-test";
		};
		B078696026E59E6D0069F5B2 /* OpenMarketUITests */ = {
			isa = PBXNativeTarget;
			buildConfigurationList = B078697026E59E6D0069F5B2 /* Build configuration list for PBXNativeTarget "OpenMarketUITests" */;
			buildPhases = (
				5028F486A584DA3AA44DBD18 /* [CP] Check Pods Manifest.lock */,
				B078695D26E59E6D0069F5B2 /* Sources */,
				B078695E26E59E6D0069F5B2 /* Frameworks */,
				B078695F26E59E6D0069F5B2 /* Resources */,
			);
			buildRules = (
			);
			dependencies = (
				B078696326E59E6D0069F5B2 /* PBXTargetDependency */,
			);
			name = OpenMarketUITests;
			productName = OpenMarketUITests;
			productReference = B078696126E59E6D0069F5B2 /* OpenMarketUITests.xctest */;
			productType = "com.apple.product-type.bundle.ui-testing";
		};
/* End PBXNativeTarget section */

/* Begin PBXProject section */
		B078693826E59E6C0069F5B2 /* Project object */ = {
			isa = PBXProject;
			attributes = {
				LastSwiftUpdateCheck = 1250;
				LastUpgradeCheck = 1250;
				TargetAttributes = {
					B078693F26E59E6C0069F5B2 = {
						CreatedOnToolsVersion = 12.5.1;
					};
					B078695526E59E6D0069F5B2 = {
						CreatedOnToolsVersion = 12.5.1;
						TestTargetID = B078693F26E59E6C0069F5B2;
					};
					B078696026E59E6D0069F5B2 = {
						CreatedOnToolsVersion = 12.5.1;
						TestTargetID = B078693F26E59E6C0069F5B2;
					};
				};
			};
			buildConfigurationList = B078693B26E59E6C0069F5B2 /* Build configuration list for PBXProject "OpenMarket" */;
			compatibilityVersion = "Xcode 9.3";
			developmentRegion = en;
			hasScannedForEncodings = 0;
			knownRegions = (
				en,
				Base,
			);
			mainGroup = B078693726E59E6C0069F5B2;
			productRefGroup = B078694126E59E6C0069F5B2 /* Products */;
			projectDirPath = "";
			projectRoot = "";
			targets = (
				B078693F26E59E6C0069F5B2 /* OpenMarket */,
				B078695526E59E6D0069F5B2 /* OpenMarketTests */,
				B078696026E59E6D0069F5B2 /* OpenMarketUITests */,
			);
		};
/* End PBXProject section */

/* Begin PBXResourcesBuildPhase section */
		B078693E26E59E6C0069F5B2 /* Resources */ = {
			isa = PBXResourcesBuildPhase;
			buildActionMask = 2147483647;
			files = (
				B078697826E5F8E00069F5B2 /* .swiftlint.yml in Resources */,
				B078695026E59E6D0069F5B2 /* LaunchScreen.storyboard in Resources */,
				B078694D26E59E6D0069F5B2 /* Assets.xcassets in Resources */,
				B078694B26E59E6C0069F5B2 /* Main.storyboard in Resources */,
			);
			runOnlyForDeploymentPostprocessing = 0;
		};
		B078695426E59E6D0069F5B2 /* Resources */ = {
			isa = PBXResourcesBuildPhase;
			buildActionMask = 2147483647;
			files = (
			);
			runOnlyForDeploymentPostprocessing = 0;
		};
		B078695F26E59E6D0069F5B2 /* Resources */ = {
			isa = PBXResourcesBuildPhase;
			buildActionMask = 2147483647;
			files = (
			);
			runOnlyForDeploymentPostprocessing = 0;
		};
/* End PBXResourcesBuildPhase section */

/* Begin PBXShellScriptBuildPhase section */
		0B681B4AD781AB665DE984C2 /* [CP] Check Pods Manifest.lock */ = {
			isa = PBXShellScriptBuildPhase;
			buildActionMask = 2147483647;
			files = (
			);
			inputFileListPaths = (
			);
			inputPaths = (
				"${PODS_PODFILE_DIR_PATH}/Podfile.lock",
				"${PODS_ROOT}/Manifest.lock",
			);
			name = "[CP] Check Pods Manifest.lock";
			outputFileListPaths = (
			);
			outputPaths = (
				"$(DERIVED_FILE_DIR)/Pods-OpenMarketTests-checkManifestLockResult.txt",
			);
			runOnlyForDeploymentPostprocessing = 0;
			shellPath = /bin/sh;
			shellScript = "diff \"${PODS_PODFILE_DIR_PATH}/Podfile.lock\" \"${PODS_ROOT}/Manifest.lock\" > /dev/null\nif [ $? != 0 ] ; then\n    # print error to STDERR\n    echo \"error: The sandbox is not in sync with the Podfile.lock. Run 'pod install' or update your CocoaPods installation.\" >&2\n    exit 1\nfi\n# This output is used by Xcode 'outputs' to avoid re-running this script phase.\necho \"SUCCESS\" > \"${SCRIPT_OUTPUT_FILE_0}\"\n";
			showEnvVarsInLog = 0;
		};
		20399F867701E181A79207C0 /* [CP] Check Pods Manifest.lock */ = {
			isa = PBXShellScriptBuildPhase;
			buildActionMask = 2147483647;
			files = (
			);
			inputFileListPaths = (
			);
			inputPaths = (
				"${PODS_PODFILE_DIR_PATH}/Podfile.lock",
				"${PODS_ROOT}/Manifest.lock",
			);
			name = "[CP] Check Pods Manifest.lock";
			outputFileListPaths = (
			);
			outputPaths = (
				"$(DERIVED_FILE_DIR)/Pods-OpenMarket-checkManifestLockResult.txt",
			);
			runOnlyForDeploymentPostprocessing = 0;
			shellPath = /bin/sh;
			shellScript = "diff \"${PODS_PODFILE_DIR_PATH}/Podfile.lock\" \"${PODS_ROOT}/Manifest.lock\" > /dev/null\nif [ $? != 0 ] ; then\n    # print error to STDERR\n    echo \"error: The sandbox is not in sync with the Podfile.lock. Run 'pod install' or update your CocoaPods installation.\" >&2\n    exit 1\nfi\n# This output is used by Xcode 'outputs' to avoid re-running this script phase.\necho \"SUCCESS\" > \"${SCRIPT_OUTPUT_FILE_0}\"\n";
			showEnvVarsInLog = 0;
		};
		5028F486A584DA3AA44DBD18 /* [CP] Check Pods Manifest.lock */ = {
			isa = PBXShellScriptBuildPhase;
			buildActionMask = 2147483647;
			files = (
			);
			inputFileListPaths = (
			);
			inputPaths = (
				"${PODS_PODFILE_DIR_PATH}/Podfile.lock",
				"${PODS_ROOT}/Manifest.lock",
			);
			name = "[CP] Check Pods Manifest.lock";
			outputFileListPaths = (
			);
			outputPaths = (
				"$(DERIVED_FILE_DIR)/Pods-OpenMarket-OpenMarketUITests-checkManifestLockResult.txt",
			);
			runOnlyForDeploymentPostprocessing = 0;
			shellPath = /bin/sh;
			shellScript = "diff \"${PODS_PODFILE_DIR_PATH}/Podfile.lock\" \"${PODS_ROOT}/Manifest.lock\" > /dev/null\nif [ $? != 0 ] ; then\n    # print error to STDERR\n    echo \"error: The sandbox is not in sync with the Podfile.lock. Run 'pod install' or update your CocoaPods installation.\" >&2\n    exit 1\nfi\n# This output is used by Xcode 'outputs' to avoid re-running this script phase.\necho \"SUCCESS\" > \"${SCRIPT_OUTPUT_FILE_0}\"\n";
			showEnvVarsInLog = 0;
		};
		B078697326E5F85F0069F5B2 /* ShellScript */ = {
			isa = PBXShellScriptBuildPhase;
			buildActionMask = 2147483647;
			files = (
			);
			inputFileListPaths = (
			);
			inputPaths = (
			);
			outputFileListPaths = (
			);
			outputPaths = (
			);
			runOnlyForDeploymentPostprocessing = 0;
			shellPath = /bin/sh;
			shellScript = "# Type a script or drag a script file from your workspace to insert its path.\n${PODS_ROOT}/SwiftLint/swiftlint\n";
		};
/* End PBXShellScriptBuildPhase section */

/* Begin PBXSourcesBuildPhase section */
		B078693C26E59E6C0069F5B2 /* Sources */ = {
			isa = PBXSourcesBuildPhase;
			buildActionMask = 2147483647;
			files = (
				B0D9BD6B26E6EDD5005115B3 /* HttpMethod.swift in Sources */,
				B0D9BD7026E6F48E005115B3 /* ServerAPI.swift in Sources */,
				B078694826E59E6C0069F5B2 /* ViewController.swift in Sources */,
				B0D9BD7226E6FA0E005115B3 /* NetworkManager.swift in Sources */,
				B0D9BD6D26E6EE6B005115B3 /* EndPoint.swift in Sources */,
				B078694426E59E6C0069F5B2 /* AppDelegate.swift in Sources */,
				B078694626E59E6C0069F5B2 /* SceneDelegate.swift in Sources */,
			);
			runOnlyForDeploymentPostprocessing = 0;
		};
		B078695226E59E6D0069F5B2 /* Sources */ = {
			isa = PBXSourcesBuildPhase;
			buildActionMask = 2147483647;
			files = (
				B078695B26E59E6D0069F5B2 /* OpenMarketTests.swift in Sources */,
			);
			runOnlyForDeploymentPostprocessing = 0;
		};
		B078695D26E59E6D0069F5B2 /* Sources */ = {
			isa = PBXSourcesBuildPhase;
			buildActionMask = 2147483647;
			files = (
				B078696626E59E6D0069F5B2 /* OpenMarketUITests.swift in Sources */,
			);
			runOnlyForDeploymentPostprocessing = 0;
		};
/* End PBXSourcesBuildPhase section */

/* Begin PBXTargetDependency section */
		B078695826E59E6D0069F5B2 /* PBXTargetDependency */ = {
			isa = PBXTargetDependency;
			target = B078693F26E59E6C0069F5B2 /* OpenMarket */;
			targetProxy = B078695726E59E6D0069F5B2 /* PBXContainerItemProxy */;
		};
		B078696326E59E6D0069F5B2 /* PBXTargetDependency */ = {
			isa = PBXTargetDependency;
			target = B078693F26E59E6C0069F5B2 /* OpenMarket */;
			targetProxy = B078696226E59E6D0069F5B2 /* PBXContainerItemProxy */;
		};
/* End PBXTargetDependency section */

/* Begin PBXVariantGroup section */
		B078694926E59E6C0069F5B2 /* Main.storyboard */ = {
			isa = PBXVariantGroup;
			children = (
				B078694A26E59E6C0069F5B2 /* Base */,
			);
			name = Main.storyboard;
			sourceTree = "<group>";
		};
		B078694E26E59E6D0069F5B2 /* LaunchScreen.storyboard */ = {
			isa = PBXVariantGroup;
			children = (
				B078694F26E59E6D0069F5B2 /* Base */,
			);
			name = LaunchScreen.storyboard;
			sourceTree = "<group>";
		};
/* End PBXVariantGroup section */

/* Begin XCBuildConfiguration section */
		B078696826E59E6D0069F5B2 /* Debug */ = {
			isa = XCBuildConfiguration;
			buildSettings = {
				ALWAYS_SEARCH_USER_PATHS = NO;
				CLANG_ANALYZER_NONNULL = YES;
				CLANG_ANALYZER_NUMBER_OBJECT_CONVERSION = YES_AGGRESSIVE;
				CLANG_CXX_LANGUAGE_STANDARD = "gnu++14";
				CLANG_CXX_LIBRARY = "libc++";
				CLANG_ENABLE_MODULES = YES;
				CLANG_ENABLE_OBJC_ARC = YES;
				CLANG_ENABLE_OBJC_WEAK = YES;
				CLANG_WARN_BLOCK_CAPTURE_AUTORELEASING = YES;
				CLANG_WARN_BOOL_CONVERSION = YES;
				CLANG_WARN_COMMA = YES;
				CLANG_WARN_CONSTANT_CONVERSION = YES;
				CLANG_WARN_DEPRECATED_OBJC_IMPLEMENTATIONS = YES;
				CLANG_WARN_DIRECT_OBJC_ISA_USAGE = YES_ERROR;
				CLANG_WARN_DOCUMENTATION_COMMENTS = YES;
				CLANG_WARN_EMPTY_BODY = YES;
				CLANG_WARN_ENUM_CONVERSION = YES;
				CLANG_WARN_INFINITE_RECURSION = YES;
				CLANG_WARN_INT_CONVERSION = YES;
				CLANG_WARN_NON_LITERAL_NULL_CONVERSION = YES;
				CLANG_WARN_OBJC_IMPLICIT_RETAIN_SELF = YES;
				CLANG_WARN_OBJC_LITERAL_CONVERSION = YES;
				CLANG_WARN_OBJC_ROOT_CLASS = YES_ERROR;
				CLANG_WARN_QUOTED_INCLUDE_IN_FRAMEWORK_HEADER = YES;
				CLANG_WARN_RANGE_LOOP_ANALYSIS = YES;
				CLANG_WARN_STRICT_PROTOTYPES = YES;
				CLANG_WARN_SUSPICIOUS_MOVE = YES;
				CLANG_WARN_UNGUARDED_AVAILABILITY = YES_AGGRESSIVE;
				CLANG_WARN_UNREACHABLE_CODE = YES;
				CLANG_WARN__DUPLICATE_METHOD_MATCH = YES;
				COPY_PHASE_STRIP = NO;
				DEBUG_INFORMATION_FORMAT = dwarf;
				ENABLE_STRICT_OBJC_MSGSEND = YES;
				ENABLE_TESTABILITY = YES;
				GCC_C_LANGUAGE_STANDARD = gnu11;
				GCC_DYNAMIC_NO_PIC = NO;
				GCC_NO_COMMON_BLOCKS = YES;
				GCC_OPTIMIZATION_LEVEL = 0;
				GCC_PREPROCESSOR_DEFINITIONS = (
					"DEBUG=1",
					"$(inherited)",
				);
				GCC_WARN_64_TO_32_BIT_CONVERSION = YES;
				GCC_WARN_ABOUT_RETURN_TYPE = YES_ERROR;
				GCC_WARN_UNDECLARED_SELECTOR = YES;
				GCC_WARN_UNINITIALIZED_AUTOS = YES_AGGRESSIVE;
				GCC_WARN_UNUSED_FUNCTION = YES;
				GCC_WARN_UNUSED_VARIABLE = YES;
				IPHONEOS_DEPLOYMENT_TARGET = 14.5;
				MTL_ENABLE_DEBUG_INFO = INCLUDE_SOURCE;
				MTL_FAST_MATH = YES;
				ONLY_ACTIVE_ARCH = YES;
				SDKROOT = iphoneos;
				SWIFT_ACTIVE_COMPILATION_CONDITIONS = DEBUG;
				SWIFT_OPTIMIZATION_LEVEL = "-Onone";
			};
			name = Debug;
		};
		B078696926E59E6D0069F5B2 /* Release */ = {
			isa = XCBuildConfiguration;
			buildSettings = {
				ALWAYS_SEARCH_USER_PATHS = NO;
				CLANG_ANALYZER_NONNULL = YES;
				CLANG_ANALYZER_NUMBER_OBJECT_CONVERSION = YES_AGGRESSIVE;
				CLANG_CXX_LANGUAGE_STANDARD = "gnu++14";
				CLANG_CXX_LIBRARY = "libc++";
				CLANG_ENABLE_MODULES = YES;
				CLANG_ENABLE_OBJC_ARC = YES;
				CLANG_ENABLE_OBJC_WEAK = YES;
				CLANG_WARN_BLOCK_CAPTURE_AUTORELEASING = YES;
				CLANG_WARN_BOOL_CONVERSION = YES;
				CLANG_WARN_COMMA = YES;
				CLANG_WARN_CONSTANT_CONVERSION = YES;
				CLANG_WARN_DEPRECATED_OBJC_IMPLEMENTATIONS = YES;
				CLANG_WARN_DIRECT_OBJC_ISA_USAGE = YES_ERROR;
				CLANG_WARN_DOCUMENTATION_COMMENTS = YES;
				CLANG_WARN_EMPTY_BODY = YES;
				CLANG_WARN_ENUM_CONVERSION = YES;
				CLANG_WARN_INFINITE_RECURSION = YES;
				CLANG_WARN_INT_CONVERSION = YES;
				CLANG_WARN_NON_LITERAL_NULL_CONVERSION = YES;
				CLANG_WARN_OBJC_IMPLICIT_RETAIN_SELF = YES;
				CLANG_WARN_OBJC_LITERAL_CONVERSION = YES;
				CLANG_WARN_OBJC_ROOT_CLASS = YES_ERROR;
				CLANG_WARN_QUOTED_INCLUDE_IN_FRAMEWORK_HEADER = YES;
				CLANG_WARN_RANGE_LOOP_ANALYSIS = YES;
				CLANG_WARN_STRICT_PROTOTYPES = YES;
				CLANG_WARN_SUSPICIOUS_MOVE = YES;
				CLANG_WARN_UNGUARDED_AVAILABILITY = YES_AGGRESSIVE;
				CLANG_WARN_UNREACHABLE_CODE = YES;
				CLANG_WARN__DUPLICATE_METHOD_MATCH = YES;
				COPY_PHASE_STRIP = NO;
				DEBUG_INFORMATION_FORMAT = "dwarf-with-dsym";
				ENABLE_NS_ASSERTIONS = NO;
				ENABLE_STRICT_OBJC_MSGSEND = YES;
				GCC_C_LANGUAGE_STANDARD = gnu11;
				GCC_NO_COMMON_BLOCKS = YES;
				GCC_WARN_64_TO_32_BIT_CONVERSION = YES;
				GCC_WARN_ABOUT_RETURN_TYPE = YES_ERROR;
				GCC_WARN_UNDECLARED_SELECTOR = YES;
				GCC_WARN_UNINITIALIZED_AUTOS = YES_AGGRESSIVE;
				GCC_WARN_UNUSED_FUNCTION = YES;
				GCC_WARN_UNUSED_VARIABLE = YES;
				IPHONEOS_DEPLOYMENT_TARGET = 14.5;
				MTL_ENABLE_DEBUG_INFO = NO;
				MTL_FAST_MATH = YES;
				SDKROOT = iphoneos;
				SWIFT_COMPILATION_MODE = wholemodule;
				SWIFT_OPTIMIZATION_LEVEL = "-O";
				VALIDATE_PRODUCT = YES;
			};
			name = Release;
		};
		B078696B26E59E6D0069F5B2 /* Debug */ = {
			isa = XCBuildConfiguration;
			baseConfigurationReference = 407CAA9CD746D9635277E247 /* Pods-OpenMarket.debug.xcconfig */;
			buildSettings = {
				ASSETCATALOG_COMPILER_APPICON_NAME = AppIcon;
				ASSETCATALOG_COMPILER_GLOBAL_ACCENT_COLOR_NAME = AccentColor;
				CODE_SIGN_STYLE = Automatic;
				DEVELOPMENT_TEAM = U77SWC9NZT;
				INFOPLIST_FILE = OpenMarket/SupportingFIles/Info.plist;
				LD_RUNPATH_SEARCH_PATHS = (
					"$(inherited)",
					"@executable_path/Frameworks",
				);
				PRODUCT_BUNDLE_IDENTIFIER = com.steven.OpenMarket;
				PRODUCT_NAME = "$(TARGET_NAME)";
				SWIFT_VERSION = 5.0;
				TARGETED_DEVICE_FAMILY = "1,2";
			};
			name = Debug;
		};
		B078696C26E59E6D0069F5B2 /* Release */ = {
			isa = XCBuildConfiguration;
			baseConfigurationReference = F7EA2992138DD85B5418004A /* Pods-OpenMarket.release.xcconfig */;
			buildSettings = {
				ASSETCATALOG_COMPILER_APPICON_NAME = AppIcon;
				ASSETCATALOG_COMPILER_GLOBAL_ACCENT_COLOR_NAME = AccentColor;
				CODE_SIGN_STYLE = Automatic;
				DEVELOPMENT_TEAM = U77SWC9NZT;
				INFOPLIST_FILE = OpenMarket/SupportingFIles/Info.plist;
				LD_RUNPATH_SEARCH_PATHS = (
					"$(inherited)",
					"@executable_path/Frameworks",
				);
				PRODUCT_BUNDLE_IDENTIFIER = com.steven.OpenMarket;
				PRODUCT_NAME = "$(TARGET_NAME)";
				SWIFT_VERSION = 5.0;
				TARGETED_DEVICE_FAMILY = "1,2";
			};
			name = Release;
		};
		B078696E26E59E6D0069F5B2 /* Debug */ = {
			isa = XCBuildConfiguration;
			baseConfigurationReference = FC10F77A6B9A45EC145C11BE /* Pods-OpenMarketTests.debug.xcconfig */;
			buildSettings = {
				ALWAYS_EMBED_SWIFT_STANDARD_LIBRARIES = YES;
				BUNDLE_LOADER = "$(TEST_HOST)";
				CODE_SIGN_STYLE = Automatic;
				DEVELOPMENT_TEAM = U77SWC9NZT;
				INFOPLIST_FILE = OpenMarketTests/Info.plist;
				IPHONEOS_DEPLOYMENT_TARGET = 14.5;
				LD_RUNPATH_SEARCH_PATHS = (
					"$(inherited)",
					"@executable_path/Frameworks",
					"@loader_path/Frameworks",
				);
				PRODUCT_BUNDLE_IDENTIFIER = com.steven.OpenMarketTests;
				PRODUCT_NAME = "$(TARGET_NAME)";
				SWIFT_VERSION = 5.0;
				TARGETED_DEVICE_FAMILY = "1,2";
				TEST_HOST = "$(BUILT_PRODUCTS_DIR)/OpenMarket.app/OpenMarket";
			};
			name = Debug;
		};
		B078696F26E59E6D0069F5B2 /* Release */ = {
			isa = XCBuildConfiguration;
			baseConfigurationReference = EA331902867DB774BF6482F0 /* Pods-OpenMarketTests.release.xcconfig */;
			buildSettings = {
				ALWAYS_EMBED_SWIFT_STANDARD_LIBRARIES = YES;
				BUNDLE_LOADER = "$(TEST_HOST)";
				CODE_SIGN_STYLE = Automatic;
				DEVELOPMENT_TEAM = U77SWC9NZT;
				INFOPLIST_FILE = OpenMarketTests/Info.plist;
				IPHONEOS_DEPLOYMENT_TARGET = 14.5;
				LD_RUNPATH_SEARCH_PATHS = (
					"$(inherited)",
					"@executable_path/Frameworks",
					"@loader_path/Frameworks",
				);
				PRODUCT_BUNDLE_IDENTIFIER = com.steven.OpenMarketTests;
				PRODUCT_NAME = "$(TARGET_NAME)";
				SWIFT_VERSION = 5.0;
				TARGETED_DEVICE_FAMILY = "1,2";
				TEST_HOST = "$(BUILT_PRODUCTS_DIR)/OpenMarket.app/OpenMarket";
			};
			name = Release;
		};
		B078697126E59E6D0069F5B2 /* Debug */ = {
			isa = XCBuildConfiguration;
			baseConfigurationReference = 69E875E0C5E9117D82470AFE /* Pods-OpenMarket-OpenMarketUITests.debug.xcconfig */;
			buildSettings = {
				ALWAYS_EMBED_SWIFT_STANDARD_LIBRARIES = YES;
				CODE_SIGN_STYLE = Automatic;
				DEVELOPMENT_TEAM = U77SWC9NZT;
				INFOPLIST_FILE = OpenMarketUITests/Info.plist;
				LD_RUNPATH_SEARCH_PATHS = (
					"$(inherited)",
					"@executable_path/Frameworks",
					"@loader_path/Frameworks",
				);
				PRODUCT_BUNDLE_IDENTIFIER = com.steven.OpenMarketUITests;
				PRODUCT_NAME = "$(TARGET_NAME)";
				SWIFT_VERSION = 5.0;
				TARGETED_DEVICE_FAMILY = "1,2";
				TEST_TARGET_NAME = OpenMarket;
			};
			name = Debug;
		};
		B078697226E59E6D0069F5B2 /* Release */ = {
			isa = XCBuildConfiguration;
			baseConfigurationReference = 22E67C9EA2735FCE8CDF5AF2 /* Pods-OpenMarket-OpenMarketUITests.release.xcconfig */;
			buildSettings = {
				ALWAYS_EMBED_SWIFT_STANDARD_LIBRARIES = YES;
				CODE_SIGN_STYLE = Automatic;
				DEVELOPMENT_TEAM = U77SWC9NZT;
				INFOPLIST_FILE = OpenMarketUITests/Info.plist;
				LD_RUNPATH_SEARCH_PATHS = (
					"$(inherited)",
					"@executable_path/Frameworks",
					"@loader_path/Frameworks",
				);
				PRODUCT_BUNDLE_IDENTIFIER = com.steven.OpenMarketUITests;
				PRODUCT_NAME = "$(TARGET_NAME)";
				SWIFT_VERSION = 5.0;
				TARGETED_DEVICE_FAMILY = "1,2";
				TEST_TARGET_NAME = OpenMarket;
			};
			name = Release;
		};
/* End XCBuildConfiguration section */

/* Begin XCConfigurationList section */
		B078693B26E59E6C0069F5B2 /* Build configuration list for PBXProject "OpenMarket" */ = {
			isa = XCConfigurationList;
			buildConfigurations = (
				B078696826E59E6D0069F5B2 /* Debug */,
				B078696926E59E6D0069F5B2 /* Release */,
			);
			defaultConfigurationIsVisible = 0;
			defaultConfigurationName = Release;
		};
		B078696A26E59E6D0069F5B2 /* Build configuration list for PBXNativeTarget "OpenMarket" */ = {
			isa = XCConfigurationList;
			buildConfigurations = (
				B078696B26E59E6D0069F5B2 /* Debug */,
				B078696C26E59E6D0069F5B2 /* Release */,
			);
			defaultConfigurationIsVisible = 0;
			defaultConfigurationName = Release;
		};
		B078696D26E59E6D0069F5B2 /* Build configuration list for PBXNativeTarget "OpenMarketTests" */ = {
			isa = XCConfigurationList;
			buildConfigurations = (
				B078696E26E59E6D0069F5B2 /* Debug */,
				B078696F26E59E6D0069F5B2 /* Release */,
			);
			defaultConfigurationIsVisible = 0;
			defaultConfigurationName = Release;
		};
		B078697026E59E6D0069F5B2 /* Build configuration list for PBXNativeTarget "OpenMarketUITests" */ = {
			isa = XCConfigurationList;
			buildConfigurations = (
				B078697126E59E6D0069F5B2 /* Debug */,
				B078697226E59E6D0069F5B2 /* Release */,
			);
			defaultConfigurationIsVisible = 0;
			defaultConfigurationName = Release;
		};
/* End XCConfigurationList section */
	};
	rootObject = B078693826E59E6C0069F5B2 /* Project object */;
}
